
Microsoft Visual Studio Solution File, Format Version 12.00
# Visual Studio Version 16
VisualStudioVersion = 16.0.29025.244
MinimumVisualStudioVersion = 10.0.40219.1
Project("{FAE04EC0-301F-11D3-BF4B-00C04F79EFBC}") = "Vektorel.Windows.KacanButonApp", "Vektorel.Windows.KacanButonApp\Vektorel.Windows.KacanButonApp.csproj", "{C2649459-2759-46A6-83CA-848B00BBC31F}"
EndProject
Global
	GlobalSection(SolutionConfigurationPlatforms) = preSolution
		Debug|Any CPU = Debug|Any CPU
		Release|Any CPU = Release|Any CPU
	EndGlobalSection
	GlobalSection(ProjectConfigurationPlatforms) = postSolution
		{C2649459-2759-46A6-83CA-848B00BBC31F}.Debug|Any CPU.ActiveCfg = Debug|Any CPU
		{C2649459-2759-46A6-83CA-848B00BBC31F}.Debug|Any CPU.Build.0 = Debug|Any CPU
		{C2649459-2759-46A6-83CA-848B00BBC31F}.Release|Any CPU.ActiveCfg = Release|Any CPU
		{C2649459-2759-46A6-83CA-848B00BBC31F}.Release|Any CPU.Build.0 = Release|Any CPU
	EndGlobalSection
	GlobalSection(SolutionProperties) = preSolution
		HideSolutionNode = FALSE
	EndGlobalSection
	GlobalSection(ExtensibilityGlobals) = postSolution
		SolutionGuid = {7425A68F-E152-4D1B-BFC0-669FF78C4A42}
	EndGlobalSection
EndGlobal
